// !$*UTF8*$!
{
	archiveVersion = 1;
	classes = {
	};
	objectVersion = 46;
	objects = {

/* Begin PBXBuildFile section */
		F22B4E81199435F400A564B2 /* FilterCell.swift in Sources */ = {isa = PBXBuildFile; fileRef = F22B4E80199435F400A564B2 /* FilterCell.swift */; };
		F22B4E8319947BC200A564B2 /* Filter.swift in Sources */ = {isa = PBXBuildFile; fileRef = F22B4E8219947BC200A564B2 /* Filter.swift */; };
		F24D76551998723100DE2D98 /* CameraViewController.swift in Sources */ = {isa = PBXBuildFile; fileRef = F24D76541998723100DE2D98 /* CameraViewController.swift */; };
		F289131519901A5C00C4FE87 /* AppDelegate.swift in Sources */ = {isa = PBXBuildFile; fileRef = F289131419901A5C00C4FE87 /* AppDelegate.swift */; };
		F289131719901A5C00C4FE87 /* ViewController.swift in Sources */ = {isa = PBXBuildFile; fileRef = F289131619901A5C00C4FE87 /* ViewController.swift */; };
		F289131A19901A5C00C4FE87 /* Main.storyboard in Resources */ = {isa = PBXBuildFile; fileRef = F289131819901A5C00C4FE87 /* Main.storyboard */; };
		F289131C19901A5C00C4FE87 /* Images.xcassets in Resources */ = {isa = PBXBuildFile; fileRef = F289131B19901A5C00C4FE87 /* Images.xcassets */; };
		F289132819901A5C00C4FE87 /* ImageFilterTests.swift in Sources */ = {isa = PBXBuildFile; fileRef = F289132719901A5C00C4FE87 /* ImageFilterTests.swift */; };
		F294F266199A90F400ED652A /* designableViews.h in Headers */ = {isa = PBXBuildFile; fileRef = F294F265199A90F400ED652A /* designableViews.h */; settings = {ATTRIBUTES = (Public, ); }; };
		F294F272199A90F400ED652A /* designableViewsTests.swift in Sources */ = {isa = PBXBuildFile; fileRef = F294F271199A90F400ED652A /* designableViewsTests.swift */; };
		F294F275199A90F400ED652A /* designableViews.framework in Frameworks */ = {isa = PBXBuildFile; fileRef = F294F261199A90F400ED652A /* designableViews.framework */; };
		F294F276199A90F400ED652A /* designableViews.framework in Embed Frameworks */ = {isa = PBXBuildFile; fileRef = F294F261199A90F400ED652A /* designableViews.framework */; settings = {ATTRIBUTES = (CodeSignOnCopy, RemoveHeadersOnCopy, ); }; };
		F294F281199A92DE00ED652A /* FilteredImageView.swift in Sources */ = {isa = PBXBuildFile; fileRef = F294F280199A92DE00ED652A /* FilteredImageView.swift */; };
		F294F285199A97A600ED652A /* photo.jpg in Resources */ = {isa = PBXBuildFile; fileRef = F294F284199A97A600ED652A /* photo.jpg */; };
		F294F286199A97A600ED652A /* photo.jpg in Resources */ = {isa = PBXBuildFile; fileRef = F294F284199A97A600ED652A /* photo.jpg */; };
		F294F287199A97A600ED652A /* photo.jpg in Resources */ = {isa = PBXBuildFile; fileRef = F294F284199A97A600ED652A /* photo.jpg */; };
		F294F288199A97A600ED652A /* photo.jpg in Resources */ = {isa = PBXBuildFile; fileRef = F294F284199A97A600ED652A /* photo.jpg */; };
		F2ACC5E21991DFCA0080F455 /* PhotoCell.swift in Sources */ = {isa = PBXBuildFile; fileRef = F2ACC5E11991DFCA0080F455 /* PhotoCell.swift */; };
		F2ACC5E41991DFF20080F455 /* GridViewController.swift in Sources */ = {isa = PBXBuildFile; fileRef = F2ACC5E31991DFF20080F455 /* GridViewController.swift */; };
		F2ACC5E61991E0040080F455 /* PhotoViewController.swift in Sources */ = {isa = PBXBuildFile; fileRef = F2ACC5E51991E0040080F455 /* PhotoViewController.swift */; };
/* End PBXBuildFile section */

/* Begin PBXContainerItemProxy section */
		F289132219901A5C00C4FE87 /* PBXContainerItemProxy */ = {
			isa = PBXContainerItemProxy;
			containerPortal = F289130719901A5C00C4FE87 /* Project object */;
			proxyType = 1;
			remoteGlobalIDString = F289130E19901A5C00C4FE87;
			remoteInfo = ImageFilter;
		};
		F294F26C199A90F400ED652A /* PBXContainerItemProxy */ = {
			isa = PBXContainerItemProxy;
			containerPortal = F289130719901A5C00C4FE87 /* Project object */;
			proxyType = 1;
			remoteGlobalIDString = F289130E19901A5C00C4FE87;
			remoteInfo = ImageFilter;
		};
		F294F273199A90F400ED652A /* PBXContainerItemProxy */ = {
			isa = PBXContainerItemProxy;
			containerPortal = F289130719901A5C00C4FE87 /* Project object */;
			proxyType = 1;
			remoteGlobalIDString = F294F260199A90F400ED652A;
			remoteInfo = designableViews;
		};
		F294F277199A90F400ED652A /* PBXContainerItemProxy */ = {
			isa = PBXContainerItemProxy;
			containerPortal = F289130719901A5C00C4FE87 /* Project object */;
			proxyType = 1;
			remoteGlobalIDString = F294F260199A90F400ED652A;
			remoteInfo = designableViews;
		};
/* End PBXContainerItemProxy section */

/* Begin PBXCopyFilesBuildPhase section */
		F294F27E199A90F400ED652A /* Embed Frameworks */ = {
			isa = PBXCopyFilesBuildPhase;
			buildActionMask = 2147483647;
			dstPath = "";
			dstSubfolderSpec = 10;
			files = (
				F294F276199A90F400ED652A /* designableViews.framework in Embed Frameworks */,
			);
			name = "Embed Frameworks";
			runOnlyForDeploymentPostprocessing = 0;
		};
/* End PBXCopyFilesBuildPhase section */

/* Begin PBXFileReference section */
		F22B4E80199435F400A564B2 /* FilterCell.swift */ = {isa = PBXFileReference; fileEncoding = 4; lastKnownFileType = sourcecode.swift; path = FilterCell.swift; sourceTree = "<group>"; };
		F22B4E8219947BC200A564B2 /* Filter.swift */ = {isa = PBXFileReference; fileEncoding = 4; lastKnownFileType = sourcecode.swift; path = Filter.swift; sourceTree = "<group>"; };
		F24D76541998723100DE2D98 /* CameraViewController.swift */ = {isa = PBXFileReference; fileEncoding = 4; lastKnownFileType = sourcecode.swift; path = CameraViewController.swift; sourceTree = "<group>"; };
		F289130F19901A5C00C4FE87 /* ImageFilter.app */ = {isa = PBXFileReference; explicitFileType = wrapper.application; includeInIndex = 0; path = ImageFilter.app; sourceTree = BUILT_PRODUCTS_DIR; };
		F289131319901A5C00C4FE87 /* Info.plist */ = {isa = PBXFileReference; lastKnownFileType = text.plist.xml; path = Info.plist; sourceTree = "<group>"; };
		F289131419901A5C00C4FE87 /* AppDelegate.swift */ = {isa = PBXFileReference; lastKnownFileType = sourcecode.swift; path = AppDelegate.swift; sourceTree = "<group>"; };
		F289131619901A5C00C4FE87 /* ViewController.swift */ = {isa = PBXFileReference; lastKnownFileType = sourcecode.swift; path = ViewController.swift; sourceTree = "<group>"; };
		F289131919901A5C00C4FE87 /* Base */ = {isa = PBXFileReference; lastKnownFileType = file.storyboard; name = Base; path = Base.lproj/Main.storyboard; sourceTree = "<group>"; };
		F289131B19901A5C00C4FE87 /* Images.xcassets */ = {isa = PBXFileReference; lastKnownFileType = folder.assetcatalog; path = Images.xcassets; sourceTree = "<group>"; };
		F289132119901A5C00C4FE87 /* ImageFilterTests.xctest */ = {isa = PBXFileReference; explicitFileType = wrapper.cfbundle; includeInIndex = 0; path = ImageFilterTests.xctest; sourceTree = BUILT_PRODUCTS_DIR; };
		F289132619901A5C00C4FE87 /* Info.plist */ = {isa = PBXFileReference; lastKnownFileType = text.plist.xml; path = Info.plist; sourceTree = "<group>"; };
		F289132719901A5C00C4FE87 /* ImageFilterTests.swift */ = {isa = PBXFileReference; lastKnownFileType = sourcecode.swift; path = ImageFilterTests.swift; sourceTree = "<group>"; };
		F294F261199A90F400ED652A /* designableViews.framework */ = {isa = PBXFileReference; explicitFileType = wrapper.framework; includeInIndex = 0; path = designableViews.framework; sourceTree = BUILT_PRODUCTS_DIR; };
		F294F264199A90F400ED652A /* Info.plist */ = {isa = PBXFileReference; lastKnownFileType = text.plist.xml; path = Info.plist; sourceTree = "<group>"; };
		F294F265199A90F400ED652A /* designableViews.h */ = {isa = PBXFileReference; lastKnownFileType = sourcecode.c.h; path = designableViews.h; sourceTree = "<group>"; };
		F294F26B199A90F400ED652A /* designableViewsTests.xctest */ = {isa = PBXFileReference; explicitFileType = wrapper.cfbundle; includeInIndex = 0; path = designableViewsTests.xctest; sourceTree = BUILT_PRODUCTS_DIR; };
		F294F270199A90F400ED652A /* Info.plist */ = {isa = PBXFileReference; lastKnownFileType = text.plist.xml; path = Info.plist; sourceTree = "<group>"; };
		F294F271199A90F400ED652A /* designableViewsTests.swift */ = {isa = PBXFileReference; lastKnownFileType = sourcecode.swift; path = designableViewsTests.swift; sourceTree = "<group>"; };
		F294F280199A92DE00ED652A /* FilteredImageView.swift */ = {isa = PBXFileReference; fileEncoding = 4; lastKnownFileType = sourcecode.swift; path = FilteredImageView.swift; sourceTree = "<group>"; };
		F294F284199A97A600ED652A /* photo.jpg */ = {isa = PBXFileReference; lastKnownFileType = image.jpeg; path = photo.jpg; sourceTree = "<group>"; };
		F2ACC5E11991DFCA0080F455 /* PhotoCell.swift */ = {isa = PBXFileReference; fileEncoding = 4; lastKnownFileType = sourcecode.swift; path = PhotoCell.swift; sourceTree = "<group>"; };
		F2ACC5E31991DFF20080F455 /* GridViewController.swift */ = {isa = PBXFileReference; fileEncoding = 4; lastKnownFileType = sourcecode.swift; path = GridViewController.swift; sourceTree = "<group>"; };
		F2ACC5E51991E0040080F455 /* PhotoViewController.swift */ = {isa = PBXFileReference; fileEncoding = 4; lastKnownFileType = sourcecode.swift; path = PhotoViewController.swift; sourceTree = "<group>"; };
/* End PBXFileReference section */

/* Begin PBXFrameworksBuildPhase section */
		F289130C19901A5C00C4FE87 /* Frameworks */ = {
			isa = PBXFrameworksBuildPhase;
			buildActionMask = 2147483647;
			files = (
				F294F275199A90F400ED652A /* designableViews.framework in Frameworks */,
			);
			runOnlyForDeploymentPostprocessing = 0;
		};
		F289131E19901A5C00C4FE87 /* Frameworks */ = {
			isa = PBXFrameworksBuildPhase;
			buildActionMask = 2147483647;
			files = (
			);
			runOnlyForDeploymentPostprocessing = 0;
		};
		F294F25D199A90F400ED652A /* Frameworks */ = {
			isa = PBXFrameworksBuildPhase;
			buildActionMask = 2147483647;
			files = (
			);
			runOnlyForDeploymentPostprocessing = 0;
		};
		F294F268199A90F400ED652A /* Frameworks */ = {
			isa = PBXFrameworksBuildPhase;
			buildActionMask = 2147483647;
			files = (
			);
			runOnlyForDeploymentPostprocessing = 0;
		};
/* End PBXFrameworksBuildPhase section */

/* Begin PBXGroup section */
		F289130619901A5C00C4FE87 = {
			isa = PBXGroup;
			children = (
				F289131119901A5C00C4FE87 /* ImageFilter */,
				F289132419901A5C00C4FE87 /* ImageFilterTests */,
				F294F262199A90F400ED652A /* designableViews */,
				F294F26E199A90F400ED652A /* designableViewsTests */,
				F289131019901A5C00C4FE87 /* Products */,
			);
			sourceTree = "<group>";
		};
		F289131019901A5C00C4FE87 /* Products */ = {
			isa = PBXGroup;
			children = (
				F289130F19901A5C00C4FE87 /* ImageFilter.app */,
				F289132119901A5C00C4FE87 /* ImageFilterTests.xctest */,
				F294F261199A90F400ED652A /* designableViews.framework */,
				F294F26B199A90F400ED652A /* designableViewsTests.xctest */,
			);
			name = Products;
			sourceTree = "<group>";
		};
		F289131119901A5C00C4FE87 /* ImageFilter */ = {
			isa = PBXGroup;
			children = (
				F2FCE2B519913AF60005ACCD /* Models */,
				F2FCE2B619913AFB0005ACCD /* Views */,
				F2FCE2B719913B000005ACCD /* Controllers */,
				F289131419901A5C00C4FE87 /* AppDelegate.swift */,
				F289131B19901A5C00C4FE87 /* Images.xcassets */,
				F294F284199A97A600ED652A /* photo.jpg */,
				F289131219901A5C00C4FE87 /* Supporting Files */,
			);
			path = ImageFilter;
			sourceTree = "<group>";
		};
		F289131219901A5C00C4FE87 /* Supporting Files */ = {
			isa = PBXGroup;
			children = (
				F289131319901A5C00C4FE87 /* Info.plist */,
			);
			name = "Supporting Files";
			sourceTree = "<group>";
		};
		F289132419901A5C00C4FE87 /* ImageFilterTests */ = {
			isa = PBXGroup;
			children = (
				F289132719901A5C00C4FE87 /* ImageFilterTests.swift */,
				F289132519901A5C00C4FE87 /* Supporting Files */,
			);
			path = ImageFilterTests;
			sourceTree = "<group>";
		};
		F289132519901A5C00C4FE87 /* Supporting Files */ = {
			isa = PBXGroup;
			children = (
				F289132619901A5C00C4FE87 /* Info.plist */,
			);
			name = "Supporting Files";
			sourceTree = "<group>";
		};
		F294F262199A90F400ED652A /* designableViews */ = {
			isa = PBXGroup;
			children = (
				F294F265199A90F400ED652A /* designableViews.h */,
				F294F263199A90F400ED652A /* Supporting Files */,
				F294F280199A92DE00ED652A /* FilteredImageView.swift */,
			);
			path = designableViews;
			sourceTree = "<group>";
		};
		F294F263199A90F400ED652A /* Supporting Files */ = {
			isa = PBXGroup;
			children = (
				F294F264199A90F400ED652A /* Info.plist */,
			);
			name = "Supporting Files";
			sourceTree = "<group>";
		};
		F294F26E199A90F400ED652A /* designableViewsTests */ = {
			isa = PBXGroup;
			children = (
				F294F271199A90F400ED652A /* designableViewsTests.swift */,
				F294F26F199A90F400ED652A /* Supporting Files */,
			);
			path = designableViewsTests;
			sourceTree = "<group>";
		};
		F294F26F199A90F400ED652A /* Supporting Files */ = {
			isa = PBXGroup;
			children = (
				F294F270199A90F400ED652A /* Info.plist */,
			);
			name = "Supporting Files";
			sourceTree = "<group>";
		};
		F2FCE2B519913AF60005ACCD /* Models */ = {
			isa = PBXGroup;
			children = (
				F22B4E8219947BC200A564B2 /* Filter.swift */,
			);
			name = Models;
			sourceTree = "<group>";
		};
		F2FCE2B619913AFB0005ACCD /* Views */ = {
			isa = PBXGroup;
			children = (
				F289131819901A5C00C4FE87 /* Main.storyboard */,
				F2ACC5E11991DFCA0080F455 /* PhotoCell.swift */,
				F22B4E80199435F400A564B2 /* FilterCell.swift */,
			);
			name = Views;
			sourceTree = "<group>";
		};
		F2FCE2B719913B000005ACCD /* Controllers */ = {
			isa = PBXGroup;
			children = (
				F289131619901A5C00C4FE87 /* ViewController.swift */,
				F2ACC5E31991DFF20080F455 /* GridViewController.swift */,
				F2ACC5E51991E0040080F455 /* PhotoViewController.swift */,
				F24D76541998723100DE2D98 /* CameraViewController.swift */,
			);
			name = Controllers;
			sourceTree = "<group>";
		};
/* End PBXGroup section */

/* Begin PBXHeadersBuildPhase section */
		F294F25E199A90F400ED652A /* Headers */ = {
			isa = PBXHeadersBuildPhase;
			buildActionMask = 2147483647;
			files = (
				F294F266199A90F400ED652A /* designableViews.h in Headers */,
			);
			runOnlyForDeploymentPostprocessing = 0;
		};
/* End PBXHeadersBuildPhase section */

/* Begin PBXNativeTarget section */
		F289130E19901A5C00C4FE87 /* ImageFilter */ = {
			isa = PBXNativeTarget;
			buildConfigurationList = F289132B19901A5C00C4FE87 /* Build configuration list for PBXNativeTarget "ImageFilter" */;
			buildPhases = (
				F289130B19901A5C00C4FE87 /* Sources */,
				F289130C19901A5C00C4FE87 /* Frameworks */,
				F289130D19901A5C00C4FE87 /* Resources */,
				F294F27E199A90F400ED652A /* Embed Frameworks */,
			);
			buildRules = (
			);
			dependencies = (
				F294F274199A90F400ED652A /* PBXTargetDependency */,
				F294F278199A90F400ED652A /* PBXTargetDependency */,
			);
			name = ImageFilter;
			productName = ImageFilter;
			productReference = F289130F19901A5C00C4FE87 /* ImageFilter.app */;
			productType = "com.apple.product-type.application";
		};
		F289132019901A5C00C4FE87 /* ImageFilterTests */ = {
			isa = PBXNativeTarget;
			buildConfigurationList = F289132E19901A5C00C4FE87 /* Build configuration list for PBXNativeTarget "ImageFilterTests" */;
			buildPhases = (
				F289131D19901A5C00C4FE87 /* Sources */,
				F289131E19901A5C00C4FE87 /* Frameworks */,
				F289131F19901A5C00C4FE87 /* Resources */,
			);
			buildRules = (
			);
			dependencies = (
				F289132319901A5C00C4FE87 /* PBXTargetDependency */,
			);
			name = ImageFilterTests;
			productName = ImageFilterTests;
			productReference = F289132119901A5C00C4FE87 /* ImageFilterTests.xctest */;
			productType = "com.apple.product-type.bundle.unit-test";
		};
		F294F260199A90F400ED652A /* designableViews */ = {
			isa = PBXNativeTarget;
			buildConfigurationList = F294F27D199A90F400ED652A /* Build configuration list for PBXNativeTarget "designableViews" */;
			buildPhases = (
				F294F25C199A90F400ED652A /* Sources */,
				F294F25D199A90F400ED652A /* Frameworks */,
				F294F25E199A90F400ED652A /* Headers */,
				F294F25F199A90F400ED652A /* Resources */,
			);
			buildRules = (
			);
			dependencies = (
			);
			name = designableViews;
			productName = designableViews;
			productReference = F294F261199A90F400ED652A /* designableViews.framework */;
			productType = "com.apple.product-type.framework";
		};
		F294F26A199A90F400ED652A /* designableViewsTests */ = {
			isa = PBXNativeTarget;
			buildConfigurationList = F294F27F199A90F400ED652A /* Build configuration list for PBXNativeTarget "designableViewsTests" */;
			buildPhases = (
				F294F267199A90F400ED652A /* Sources */,
				F294F268199A90F400ED652A /* Frameworks */,
				F294F269199A90F400ED652A /* Resources */,
			);
			buildRules = (
			);
			dependencies = (
				F294F26D199A90F400ED652A /* PBXTargetDependency */,
			);
			name = designableViewsTests;
			productName = designableViewsTests;
			productReference = F294F26B199A90F400ED652A /* designableViewsTests.xctest */;
			productType = "com.apple.product-type.bundle.unit-test";
		};
/* End PBXNativeTarget section */

/* Begin PBXProject section */
		F289130719901A5C00C4FE87 /* Project object */ = {
			isa = PBXProject;
			attributes = {
				LastUpgradeCheck = 0600;
				ORGANIZATIONNAME = "Michael Tirenin";
				TargetAttributes = {
					F289130E19901A5C00C4FE87 = {
						CreatedOnToolsVersion = 6.0;
						DevelopmentTeam = C65MMLEB3C;
					};
					F289132019901A5C00C4FE87 = {
						CreatedOnToolsVersion = 6.0;
						TestTargetID = F289130E19901A5C00C4FE87;
					};
					F294F260199A90F400ED652A = {
						CreatedOnToolsVersion = 6.0;
						DevelopmentTeam = C65MMLEB3C;
					};
					F294F26A199A90F400ED652A = {
						CreatedOnToolsVersion = 6.0;
						TestTargetID = F289130E19901A5C00C4FE87;
					};
				};
			};
			buildConfigurationList = F289130A19901A5C00C4FE87 /* Build configuration list for PBXProject "ImageFilter" */;
			compatibilityVersion = "Xcode 3.2";
			developmentRegion = English;
			hasScannedForEncodings = 0;
			knownRegions = (
				en,
				Base,
			);
			mainGroup = F289130619901A5C00C4FE87;
			productRefGroup = F289131019901A5C00C4FE87 /* Products */;
			projectDirPath = "";
			projectRoot = "";
			targets = (
				F289130E19901A5C00C4FE87 /* ImageFilter */,
				F289132019901A5C00C4FE87 /* ImageFilterTests */,
				F294F260199A90F400ED652A /* designableViews */,
				F294F26A199A90F400ED652A /* designableViewsTests */,
			);
		};
/* End PBXProject section */

/* Begin PBXResourcesBuildPhase section */
		F289130D19901A5C00C4FE87 /* Resources */ = {
			isa = PBXResourcesBuildPhase;
			buildActionMask = 2147483647;
			files = (
				F289131A19901A5C00C4FE87 /* Main.storyboard in Resources */,
				F289131C19901A5C00C4FE87 /* Images.xcassets in Resources */,
				F294F285199A97A600ED652A /* photo.jpg in Resources */,
			);
			runOnlyForDeploymentPostprocessing = 0;
		};
		F289131F19901A5C00C4FE87 /* Resources */ = {
			isa = PBXResourcesBuildPhase;
			buildActionMask = 2147483647;
			files = (
				F294F286199A97A600ED652A /* photo.jpg in Resources */,
			);
			runOnlyForDeploymentPostprocessing = 0;
		};
		F294F25F199A90F400ED652A /* Resources */ = {
			isa = PBXResourcesBuildPhase;
			buildActionMask = 2147483647;
			files = (
				F294F287199A97A600ED652A /* photo.jpg in Resources */,
			);
			runOnlyForDeploymentPostprocessing = 0;
		};
		F294F269199A90F400ED652A /* Resources */ = {
			isa = PBXResourcesBuildPhase;
			buildActionMask = 2147483647;
			files = (
				F294F288199A97A600ED652A /* photo.jpg in Resources */,
			);
			runOnlyForDeploymentPostprocessing = 0;
		};
/* End PBXResourcesBuildPhase section */

/* Begin PBXSourcesBuildPhase section */
		F289130B19901A5C00C4FE87 /* Sources */ = {
			isa = PBXSourcesBuildPhase;
			buildActionMask = 2147483647;
			files = (
				F22B4E8319947BC200A564B2 /* Filter.swift in Sources */,
				F2ACC5E41991DFF20080F455 /* GridViewController.swift in Sources */,
				F22B4E81199435F400A564B2 /* FilterCell.swift in Sources */,
				F289131719901A5C00C4FE87 /* ViewController.swift in Sources */,
				F2ACC5E21991DFCA0080F455 /* PhotoCell.swift in Sources */,
				F24D76551998723100DE2D98 /* CameraViewController.swift in Sources */,
				F289131519901A5C00C4FE87 /* AppDelegate.swift in Sources */,
				F2ACC5E61991E0040080F455 /* PhotoViewController.swift in Sources */,
			);
			runOnlyForDeploymentPostprocessing = 0;
		};
		F289131D19901A5C00C4FE87 /* Sources */ = {
			isa = PBXSourcesBuildPhase;
			buildActionMask = 2147483647;
			files = (
				F289132819901A5C00C4FE87 /* ImageFilterTests.swift in Sources */,
			);
			runOnlyForDeploymentPostprocessing = 0;
		};
		F294F25C199A90F400ED652A /* Sources */ = {
			isa = PBXSourcesBuildPhase;
			buildActionMask = 2147483647;
			files = (
				F294F281199A92DE00ED652A /* FilteredImageView.swift in Sources */,
			);
			runOnlyForDeploymentPostprocessing = 0;
		};
		F294F267199A90F400ED652A /* Sources */ = {
			isa = PBXSourcesBuildPhase;
			buildActionMask = 2147483647;
			files = (
				F294F272199A90F400ED652A /* designableViewsTests.swift in Sources */,
			);
			runOnlyForDeploymentPostprocessing = 0;
		};
/* End PBXSourcesBuildPhase section */

/* Begin PBXTargetDependency section */
		F289132319901A5C00C4FE87 /* PBXTargetDependency */ = {
			isa = PBXTargetDependency;
			target = F289130E19901A5C00C4FE87 /* ImageFilter */;
			targetProxy = F289132219901A5C00C4FE87 /* PBXContainerItemProxy */;
		};
		F294F26D199A90F400ED652A /* PBXTargetDependency */ = {
			isa = PBXTargetDependency;
			target = F289130E19901A5C00C4FE87 /* ImageFilter */;
			targetProxy = F294F26C199A90F400ED652A /* PBXContainerItemProxy */;
		};
		F294F274199A90F400ED652A /* PBXTargetDependency */ = {
			isa = PBXTargetDependency;
			target = F294F260199A90F400ED652A /* designableViews */;
			targetProxy = F294F273199A90F400ED652A /* PBXContainerItemProxy */;
		};
		F294F278199A90F400ED652A /* PBXTargetDependency */ = {
			isa = PBXTargetDependency;
			target = F294F260199A90F400ED652A /* designableViews */;
			targetProxy = F294F277199A90F400ED652A /* PBXContainerItemProxy */;
		};
/* End PBXTargetDependency section */

/* Begin PBXVariantGroup section */
		F289131819901A5C00C4FE87 /* Main.storyboard */ = {
			isa = PBXVariantGroup;
			children = (
				F289131919901A5C00C4FE87 /* Base */,
			);
			name = Main.storyboard;
			sourceTree = "<group>";
		};
/* End PBXVariantGroup section */

/* Begin XCBuildConfiguration section */
		F289132919901A5C00C4FE87 /* Debug */ = {
			isa = XCBuildConfiguration;
			buildSettings = {
				ALWAYS_SEARCH_USER_PATHS = NO;
				CLANG_CXX_LANGUAGE_STANDARD = "gnu++0x";
				CLANG_CXX_LIBRARY = "libc++";
				CLANG_ENABLE_MODULES = YES;
				CLANG_ENABLE_OBJC_ARC = YES;
				CLANG_WARN_BOOL_CONVERSION = YES;
				CLANG_WARN_CONSTANT_CONVERSION = YES;
				CLANG_WARN_DIRECT_OBJC_ISA_USAGE = YES_ERROR;
				CLANG_WARN_EMPTY_BODY = YES;
				CLANG_WARN_ENUM_CONVERSION = YES;
				CLANG_WARN_INT_CONVERSION = YES;
				CLANG_WARN_OBJC_ROOT_CLASS = YES_ERROR;
				CLANG_WARN_UNREACHABLE_CODE = YES;
				CLANG_WARN__DUPLICATE_METHOD_MATCH = YES;
				"CODE_SIGN_IDENTITY[sdk=iphoneos*]" = "iPhone Developer";
				COPY_PHASE_STRIP = NO;
				ENABLE_STRICT_OBJC_MSGSEND = YES;
				GCC_C_LANGUAGE_STANDARD = gnu99;
				GCC_DYNAMIC_NO_PIC = NO;
				GCC_OPTIMIZATION_LEVEL = 0;
				GCC_PREPROCESSOR_DEFINITIONS = (
					"DEBUG=1",
					"$(inherited)",
				);
				GCC_SYMBOLS_PRIVATE_EXTERN = NO;
				GCC_WARN_64_TO_32_BIT_CONVERSION = YES;
				GCC_WARN_ABOUT_RETURN_TYPE = YES_ERROR;
				GCC_WARN_UNDECLARED_SELECTOR = YES;
				GCC_WARN_UNINITIALIZED_AUTOS = YES_AGGRESSIVE;
				GCC_WARN_UNUSED_FUNCTION = YES;
				GCC_WARN_UNUSED_VARIABLE = YES;
				IPHONEOS_DEPLOYMENT_TARGET = 8.0;
				MTL_ENABLE_DEBUG_INFO = YES;
				ONLY_ACTIVE_ARCH = YES;
				SDKROOT = iphoneos;
				SWIFT_OPTIMIZATION_LEVEL = "-Onone";
				TARGETED_DEVICE_FAMILY = "1,2";
			};
			name = Debug;
		};
		F289132A19901A5C00C4FE87 /* Release */ = {
			isa = XCBuildConfiguration;
			buildSettings = {
				ALWAYS_SEARCH_USER_PATHS = NO;
				CLANG_CXX_LANGUAGE_STANDARD = "gnu++0x";
				CLANG_CXX_LIBRARY = "libc++";
				CLANG_ENABLE_MODULES = YES;
				CLANG_ENABLE_OBJC_ARC = YES;
				CLANG_WARN_BOOL_CONVERSION = YES;
				CLANG_WARN_CONSTANT_CONVERSION = YES;
				CLANG_WARN_DIRECT_OBJC_ISA_USAGE = YES_ERROR;
				CLANG_WARN_EMPTY_BODY = YES;
				CLANG_WARN_ENUM_CONVERSION = YES;
				CLANG_WARN_INT_CONVERSION = YES;
				CLANG_WARN_OBJC_ROOT_CLASS = YES_ERROR;
				CLANG_WARN_UNREACHABLE_CODE = YES;
				CLANG_WARN__DUPLICATE_METHOD_MATCH = YES;
				"CODE_SIGN_IDENTITY[sdk=iphoneos*]" = "iPhone Developer";
				COPY_PHASE_STRIP = YES;
				ENABLE_NS_ASSERTIONS = NO;
				ENABLE_STRICT_OBJC_MSGSEND = YES;
				GCC_C_LANGUAGE_STANDARD = gnu99;
				GCC_WARN_64_TO_32_BIT_CONVERSION = YES;
				GCC_WARN_ABOUT_RETURN_TYPE = YES_ERROR;
				GCC_WARN_UNDECLARED_SELECTOR = YES;
				GCC_WARN_UNINITIALIZED_AUTOS = YES_AGGRESSIVE;
				GCC_WARN_UNUSED_FUNCTION = YES;
				GCC_WARN_UNUSED_VARIABLE = YES;
				IPHONEOS_DEPLOYMENT_TARGET = 8.0;
				MTL_ENABLE_DEBUG_INFO = NO;
				SDKROOT = iphoneos;
				TARGETED_DEVICE_FAMILY = "1,2";
				VALIDATE_PRODUCT = YES;
			};
			name = Release;
		};
		F289132C19901A5C00C4FE87 /* Debug */ = {
			isa = XCBuildConfiguration;
			buildSettings = {
				ASSETCATALOG_COMPILER_APPICON_NAME = AppIcon;
				ASSETCATALOG_COMPILER_LAUNCHIMAGE_NAME = LaunchImage;
				INFOPLIST_FILE = ImageFilter/Info.plist;
				IPHONEOS_DEPLOYMENT_TARGET = 7.1;
				LD_RUNPATH_SEARCH_PATHS = "$(inherited) @executable_path/Frameworks";
				PRODUCT_NAME = "$(TARGET_NAME)";
			};
			name = Debug;
		};
		F289132D19901A5C00C4FE87 /* Release */ = {
			isa = XCBuildConfiguration;
			buildSettings = {
				ASSETCATALOG_COMPILER_APPICON_NAME = AppIcon;
				ASSETCATALOG_COMPILER_LAUNCHIMAGE_NAME = LaunchImage;
				INFOPLIST_FILE = ImageFilter/Info.plist;
				IPHONEOS_DEPLOYMENT_TARGET = 7.1;
				LD_RUNPATH_SEARCH_PATHS = "$(inherited) @executable_path/Frameworks";
				PRODUCT_NAME = "$(TARGET_NAME)";
			};
			name = Release;
		};
		F289132F19901A5C00C4FE87 /* Debug */ = {
			isa = XCBuildConfiguration;
			buildSettings = {
				BUNDLE_LOADER = "$(BUILT_PRODUCTS_DIR)/ImageFilter.app/ImageFilter";
				FRAMEWORK_SEARCH_PATHS = (
					"$(SDKROOT)/Developer/Library/Frameworks",
					"$(inherited)",
				);
				GCC_PREPROCESSOR_DEFINITIONS = (
					"DEBUG=1",
					"$(inherited)",
				);
				INFOPLIST_FILE = ImageFilterTests/Info.plist;
				LD_RUNPATH_SEARCH_PATHS = "$(inherited) @executable_path/Frameworks @loader_path/Frameworks";
				PRODUCT_NAME = "$(TARGET_NAME)";
				TEST_HOST = "$(BUNDLE_LOADER)";
			};
			name = Debug;
		};
		F289133019901A5C00C4FE87 /* Release */ = {
			isa = XCBuildConfiguration;
			buildSettings = {
				BUNDLE_LOADER = "$(BUILT_PRODUCTS_DIR)/ImageFilter.app/ImageFilter";
				FRAMEWORK_SEARCH_PATHS = (
					"$(SDKROOT)/Developer/Library/Frameworks",
					"$(inherited)",
				);
				INFOPLIST_FILE = ImageFilterTests/Info.plist;
				LD_RUNPATH_SEARCH_PATHS = "$(inherited) @executable_path/Frameworks @loader_path/Frameworks";
				PRODUCT_NAME = "$(TARGET_NAME)";
				TEST_HOST = "$(BUNDLE_LOADER)";
			};
			name = Release;
		};
		F294F279199A90F400ED652A /* Debug */ = {
			isa = XCBuildConfiguration;
			buildSettings = {
				CLANG_ENABLE_MODULES = YES;
				CURRENT_PROJECT_VERSION = 1;
				DEFINES_MODULE = YES;
				DYLIB_COMPATIBILITY_VERSION = 1;
				DYLIB_CURRENT_VERSION = 1;
				DYLIB_INSTALL_NAME_BASE = "@rpath";
				GCC_PREPROCESSOR_DEFINITIONS = (
					"DEBUG=1",
					"$(inherited)",
				);
				INFOPLIST_FILE = designableViews/Info.plist;
				INSTALL_PATH = "$(LOCAL_LIBRARY_DIR)/Frameworks";
				LD_RUNPATH_SEARCH_PATHS = "$(inherited) @executable_path/Frameworks @loader_path/Frameworks";
				PRODUCT_NAME = "$(TARGET_NAME)";
				SKIP_INSTALL = YES;
				SWIFT_OPTIMIZATION_LEVEL = "-Onone";
				VERSIONING_SYSTEM = "apple-generic";
				VERSION_INFO_PREFIX = "";
			};
			name = Debug;
		};
		F294F27A199A90F400ED652A /* Release */ = {
			isa = XCBuildConfiguration;
			buildSettings = {
				CLANG_ENABLE_MODULES = YES;
				CURRENT_PROJECT_VERSION = 1;
				DEFINES_MODULE = YES;
				DYLIB_COMPATIBILITY_VERSION = 1;
				DYLIB_CURRENT_VERSION = 1;
				DYLIB_INSTALL_NAME_BASE = "@rpath";
				INFOPLIST_FILE = designableViews/Info.plist;
				INSTALL_PATH = "$(LOCAL_LIBRARY_DIR)/Frameworks";
				LD_RUNPATH_SEARCH_PATHS = "$(inherited) @executable_path/Frameworks @loader_path/Frameworks";
				PRODUCT_NAME = "$(TARGET_NAME)";
				SKIP_INSTALL = YES;
				VERSIONING_SYSTEM = "apple-generic";
				VERSION_INFO_PREFIX = "";
			};
			name = Release;
		};
		F294F27B199A90F400ED652A /* Debug */ = {
			isa = XCBuildConfiguration;
			buildSettings = {
				FRAMEWORK_SEARCH_PATHS = (
					"$(SDKROOT)/Developer/Library/Frameworks",
					"$(inherited)",
				);
				GCC_PREPROCESSOR_DEFINITIONS = (
					"DEBUG=1",
					"$(inherited)",
				);
				INFOPLIST_FILE = designableViewsTests/Info.plist;
				LD_RUNPATH_SEARCH_PATHS = "$(inherited) @executable_path/Frameworks @loader_path/Frameworks";
				PRODUCT_NAME = "$(TARGET_NAME)";
				TEST_HOST = "$(BUILT_PRODUCTS_DIR)/ImageFilter.app/ImageFilter";
			};
			name = Debug;
		};
		F294F27C199A90F400ED652A /* Release */ = {
			isa = XCBuildConfiguration;
			buildSettings = {
				FRAMEWORK_SEARCH_PATHS = (
					"$(SDKROOT)/Developer/Library/Frameworks",
					"$(inherited)",
				);
				INFOPLIST_FILE = designableViewsTests/Info.plist;
				LD_RUNPATH_SEARCH_PATHS = "$(inherited) @executable_path/Frameworks @loader_path/Frameworks";
				PRODUCT_NAME = "$(TARGET_NAME)";
				TEST_HOST = "$(BUILT_PRODUCTS_DIR)/ImageFilter.app/ImageFilter";
			};
			name = Release;
		};
/* End XCBuildConfiguration section */

/* Begin XCConfigurationList section */
		F289130A19901A5C00C4FE87 /* Build configuration list for PBXProject "ImageFilter" */ = {
			isa = XCConfigurationList;
			buildConfigurations = (
				F289132919901A5C00C4FE87 /* Debug */,
				F289132A19901A5C00C4FE87 /* Release */,
			);
			defaultConfigurationIsVisible = 0;
			defaultConfigurationName = Release;
		};
		F289132B19901A5C00C4FE87 /* Build configuration list for PBXNativeTarget "ImageFilter" */ = {
			isa = XCConfigurationList;
			buildConfigurations = (
				F289132C19901A5C00C4FE87 /* Debug */,
				F289132D19901A5C00C4FE87 /* Release */,
			);
			defaultConfigurationIsVisible = 0;
			defaultConfigurationName = Release;
		};
		F289132E19901A5C00C4FE87 /* Build configuration list for PBXNativeTarget "ImageFilterTests" */ = {
			isa = XCConfigurationList;
			buildConfigurations = (
				F289132F19901A5C00C4FE87 /* Debug */,
				F289133019901A5C00C4FE87 /* Release */,
			);
			defaultConfigurationIsVisible = 0;
			defaultConfigurationName = Release;
		};
		F294F27D199A90F400ED652A /* Build configuration list for PBXNativeTarget "designableViews" */ = {
			isa = XCConfigurationList;
			buildConfigurations = (
				F294F279199A90F400ED652A /* Debug */,
				F294F27A199A90F400ED652A /* Release */,
			);
			defaultConfigurationIsVisible = 0;
		};
		F294F27F199A90F400ED652A /* Build configuration list for PBXNativeTarget "designableViewsTests" */ = {
			isa = XCConfigurationList;
			buildConfigurations = (
				F294F27B199A90F400ED652A /* Debug */,
				F294F27C199A90F400ED652A /* Release */,
			);
			defaultConfigurationIsVisible = 0;
		};
/* End XCConfigurationList section */
	};
	rootObject = F289130719901A5C00C4FE87 /* Project object */;
}
